
Microsoft Visual Studio Solution File, Format Version 12.00
# Visual Studio Version 16
VisualStudioVersion = 16.0.31410.357
MinimumVisualStudioVersion = 10.0.40219.1
Project("{FAE04EC0-301F-11D3-BF4B-00C04F79EFBC}") = "MvcCv", "MvcCv\MvcCv.csproj", "{6F799958-B8D1-42F5-9E99-59E38AD04148}"
EndProject
Global
	GlobalSection(SolutionConfigurationPlatforms) = preSolution
		Debug|Any CPU = Debug|Any CPU
		Release|Any CPU = Release|Any CPU
	EndGlobalSection
	GlobalSection(ProjectConfigurationPlatforms) = postSolution
		{6F799958-B8D1-42F5-9E99-59E38AD04148}.Debug|Any CPU.ActiveCfg = Debug|Any CPU
		{6F799958-B8D1-42F5-9E99-59E38AD04148}.Debug|Any CPU.Build.0 = Debug|Any CPU
		{6F799958-B8D1-42F5-9E99-59E38AD04148}.Release|Any CPU.ActiveCfg = Release|Any CPU
		{6F799958-B8D1-42F5-9E99-59E38AD04148}.Release|Any CPU.Build.0 = Release|Any CPU
	EndGlobalSection
	GlobalSection(SolutionProperties) = preSolution
		HideSolutionNode = FALSE
	EndGlobalSection
	GlobalSection(ExtensibilityGlobals) = postSolution
		SolutionGuid = {5CE14D89-C81B-4CD6-B92F-7E6F10E8426E}
	EndGlobalSection
EndGlobal
